PODS:
  - ios (1.0)
  - RxCocoa (6.5.0):
    - RxRelay (= 6.5.0)
    - RxSwift (= 6.5.0)
  - RxRelay (6.5.0):
    - RxSwift (= 6.5.0)
  - RxSwift (6.5.0)

DEPENDENCIES:
  - ios (from `../ios`)
  - RxCocoa (= 6.5.0)
  - RxSwift (= 6.5.0)

SPEC REPOS:
  trunk:
    - RxCocoa
    - RxRelay
    - RxSwift

EXTERNAL SOURCES:
  ios:
    :path: "../ios"

SPEC CHECKSUMS:
  ios: 137411c69e05af4426428e2020be68108928f10a
  RxCocoa: 94f817b71c07517321eb4f9ad299112ca8af743b
  RxRelay: 1de1523e604c72b6c68feadedd1af3b1b4d0ecbd
  RxSwift: 5710a9e6b17f3c3d6e40d6e559b9fa1e813b2ef8

PODFILE CHECKSUM: 3123a1f7120b70a8535dc37b85882d7aed86d84b

COCOAPODS: 1.11.3
